
Microsoft Visual Studio Solution File, Format Version 12.00
# Visual Studio Version 16
VisualStudioVersion = 16.0.30517.126
MinimumVisualStudioVersion = 10.0.40219.1
Project("{8BC9CEB8-8B4A-11D0-8D11-00A0C91BC942}") = "Gifts", "Gifts.vcxproj", "{C85489CD-6457-49A8-BCA8-B94536F2B7D7}"
EndProject
Global
	GlobalSection(SolutionConfigurationPlatforms) = preSolution
		Debug|x64 = Debug|x64
		Debug|x86 = Debug|x86
		Release|x64 = Release|x64
		Release|x86 = Release|x86
	EndGlobalSection
	GlobalSection(ProjectConfigurationPlatforms) = postSolution
		{C85489CD-6457-49A8-BCA8-B94536F2B7D7}.Debug|x64.ActiveCfg = Debug|x64
		{C85489CD-6457-49A8-BCA8-B94536F2B7D7}.Debug|x64.Build.0 = Debug|x64
		{C85489CD-6457-49A8-BCA8-B94536F2B7D7}.Debug|x86.ActiveCfg = Debug|Win32
		{C85489CD-6457-49A8-BCA8-B94536F2B7D7}.Debug|x86.Build.0 = Debug|Win32
		{C85489CD-6457-49A8-BCA8-B94536F2B7D7}.Release|x64.ActiveCfg = Release|x64
		{C85489CD-6457-49A8-BCA8-B94536F2B7D7}.Release|x64.Build.0 = Release|x64
		{C85489CD-6457-49A8-BCA8-B94536F2B7D7}.Release|x86.ActiveCfg = Release|Win32
		{C85489CD-6457-49A8-BCA8-B94536F2B7D7}.Release|x86.Build.0 = Release|Win32
	EndGlobalSection
	GlobalSection(SolutionProperties) = preSolution
		HideSolutionNode = FALSE
	EndGlobalSection
	GlobalSection(ExtensibilityGlobals) = postSolution
		SolutionGuid = {A472A1B2-C7D6-4C74-9F19-2E866F8FF192}
	EndGlobalSection
EndGlobal
