
Microsoft Visual Studio Solution File, Format Version 12.00
# Visual Studio Version 16
VisualStudioVersion = 16.0.30804.86
MinimumVisualStudioVersion = 10.0.40219.1
Project("{8BC9CEB8-8B4A-11D0-8D11-00A0C91BC942}") = "Gold", "Gold.vcxproj", "{AEBCA125-4997-4C9A-AA9C-4145B3257C6B}"
EndProject
Global
	GlobalSection(SolutionConfigurationPlatforms) = preSolution
		Debug|x64 = Debug|x64
		Debug|x86 = Debug|x86
		Release|x64 = Release|x64
		Release|x86 = Release|x86
	EndGlobalSection
	GlobalSection(ProjectConfigurationPlatforms) = postSolution
		{AEBCA125-4997-4C9A-AA9C-4145B3257C6B}.Debug|x64.ActiveCfg = Debug|x64
		{AEBCA125-4997-4C9A-AA9C-4145B3257C6B}.Debug|x64.Build.0 = Debug|x64
		{AEBCA125-4997-4C9A-AA9C-4145B3257C6B}.Debug|x86.ActiveCfg = Debug|Win32
		{AEBCA125-4997-4C9A-AA9C-4145B3257C6B}.Debug|x86.Build.0 = Debug|Win32
		{AEBCA125-4997-4C9A-AA9C-4145B3257C6B}.Release|x64.ActiveCfg = Release|x64
		{AEBCA125-4997-4C9A-AA9C-4145B3257C6B}.Release|x64.Build.0 = Release|x64
		{AEBCA125-4997-4C9A-AA9C-4145B3257C6B}.Release|x86.ActiveCfg = Release|Win32
		{AEBCA125-4997-4C9A-AA9C-4145B3257C6B}.Release|x86.Build.0 = Release|Win32
	EndGlobalSection
	GlobalSection(SolutionProperties) = preSolution
		HideSolutionNode = FALSE
	EndGlobalSection
	GlobalSection(ExtensibilityGlobals) = postSolution
		SolutionGuid = {9A58C22A-E86E-4A63-9B82-FDD8F5010B1B}
	EndGlobalSection
EndGlobal
