
Microsoft Visual Studio Solution File, Format Version 12.00
# Visual Studio Version 16
VisualStudioVersion = 16.0.30517.126
MinimumVisualStudioVersion = 10.0.40219.1
Project("{8BC9CEB8-8B4A-11D0-8D11-00A0C91BC942}") = "moo", "moo.vcxproj", "{28F0167A-2077-4CF0-BCBB-645B9352F6FD}"
EndProject
Global
	GlobalSection(SolutionConfigurationPlatforms) = preSolution
		Debug|x64 = Debug|x64
		Debug|x86 = Debug|x86
		Release|x64 = Release|x64
		Release|x86 = Release|x86
	EndGlobalSection
	GlobalSection(ProjectConfigurationPlatforms) = postSolution
		{28F0167A-2077-4CF0-BCBB-645B9352F6FD}.Debug|x64.ActiveCfg = Debug|x64
		{28F0167A-2077-4CF0-BCBB-645B9352F6FD}.Debug|x64.Build.0 = Debug|x64
		{28F0167A-2077-4CF0-BCBB-645B9352F6FD}.Debug|x86.ActiveCfg = Debug|Win32
		{28F0167A-2077-4CF0-BCBB-645B9352F6FD}.Debug|x86.Build.0 = Debug|Win32
		{28F0167A-2077-4CF0-BCBB-645B9352F6FD}.Release|x64.ActiveCfg = Release|x64
		{28F0167A-2077-4CF0-BCBB-645B9352F6FD}.Release|x64.Build.0 = Release|x64
		{28F0167A-2077-4CF0-BCBB-645B9352F6FD}.Release|x86.ActiveCfg = Release|Win32
		{28F0167A-2077-4CF0-BCBB-645B9352F6FD}.Release|x86.Build.0 = Release|Win32
	EndGlobalSection
	GlobalSection(SolutionProperties) = preSolution
		HideSolutionNode = FALSE
	EndGlobalSection
	GlobalSection(ExtensibilityGlobals) = postSolution
		SolutionGuid = {2A98FB44-2575-43F3-B588-218EC0ED1D72}
	EndGlobalSection
EndGlobal
